
Microsoft Visual Studio Solution File, Format Version 12.00
# Visual Studio Version 17
VisualStudioVersion = 17.7.34031.279
MinimumVisualStudioVersion = 10.0.40219.1
Project("{FAE04EC0-301F-11D3-BF4B-00C04F79EFBC}") = "Bacud Machine Problem 1", "Bacud Machine Problem 1\Bacud Machine Problem 1.csproj", "{03523C52-B1F4-4C02-9EF2-29F65DD86106}"
EndProject
Global
	GlobalSection(SolutionConfigurationPlatforms) = preSolution
		Debug|Any CPU = Debug|Any CPU
		Release|Any CPU = Release|Any CPU
	EndGlobalSection
	GlobalSection(ProjectConfigurationPlatforms) = postSolution
		{03523C52-B1F4-4C02-9EF2-29F65DD86106}.Debug|Any CPU.ActiveCfg = Debug|Any CPU
		{03523C52-B1F4-4C02-9EF2-29F65DD86106}.Debug|Any CPU.Build.0 = Debug|Any CPU
		{03523C52-B1F4-4C02-9EF2-29F65DD86106}.Release|Any CPU.ActiveCfg = Release|Any CPU
		{03523C52-B1F4-4C02-9EF2-29F65DD86106}.Release|Any CPU.Build.0 = Release|Any CPU
	EndGlobalSection
	GlobalSection(SolutionProperties) = preSolution
		HideSolutionNode = FALSE
	EndGlobalSection
	GlobalSection(ExtensibilityGlobals) = postSolution
		SolutionGuid = {058A1E6A-7EC9-47EF-9811-5D84700FA195}
	EndGlobalSection
EndGlobal
